
Microsoft Visual Studio Solution File, Format Version 12.00
# Visual Studio Version 16
VisualStudioVersion = 16.0.30523.141
MinimumVisualStudioVersion = 10.0.40219.1
Project("{FAE04EC0-301F-11D3-BF4B-00C04F79EFBC}") = "39.Cub Perfect", "39.Cub Perfect.csproj", "{DAC92B48-DA55-4DEC-84B4-CBFC70E3FD88}"
EndProject
Global
	GlobalSection(SolutionConfigurationPlatforms) = preSolution
		Debug|Any CPU = Debug|Any CPU
		Release|Any CPU = Release|Any CPU
	EndGlobalSection
	GlobalSection(ProjectConfigurationPlatforms) = postSolution
		{DAC92B48-DA55-4DEC-84B4-CBFC70E3FD88}.Debug|Any CPU.ActiveCfg = Debug|Any CPU
		{DAC92B48-DA55-4DEC-84B4-CBFC70E3FD88}.Debug|Any CPU.Build.0 = Debug|Any CPU
		{DAC92B48-DA55-4DEC-84B4-CBFC70E3FD88}.Release|Any CPU.ActiveCfg = Release|Any CPU
		{DAC92B48-DA55-4DEC-84B4-CBFC70E3FD88}.Release|Any CPU.Build.0 = Release|Any CPU
	EndGlobalSection
	GlobalSection(SolutionProperties) = preSolution
		HideSolutionNode = FALSE
	EndGlobalSection
	GlobalSection(ExtensibilityGlobals) = postSolution
		SolutionGuid = {D4CD6E08-BF19-422B-92ED-12E165889FF7}
	EndGlobalSection
EndGlobal
