
Microsoft Visual Studio Solution File, Format Version 12.00
# Visual Studio Version 16
VisualStudioVersion = 16.0.30523.141
MinimumVisualStudioVersion = 10.0.40219.1
Project("{FAE04EC0-301F-11D3-BF4B-00C04F79EFBC}") = "37. Viteza Automobil", "37. Viteza Automobil.csproj", "{E3E002FD-8EC4-4F7F-A3F2-265CE0F77B48}"
EndProject
Global
	GlobalSection(SolutionConfigurationPlatforms) = preSolution
		Debug|Any CPU = Debug|Any CPU
		Release|Any CPU = Release|Any CPU
	EndGlobalSection
	GlobalSection(ProjectConfigurationPlatforms) = postSolution
		{E3E002FD-8EC4-4F7F-A3F2-265CE0F77B48}.Debug|Any CPU.ActiveCfg = Debug|Any CPU
		{E3E002FD-8EC4-4F7F-A3F2-265CE0F77B48}.Debug|Any CPU.Build.0 = Debug|Any CPU
		{E3E002FD-8EC4-4F7F-A3F2-265CE0F77B48}.Release|Any CPU.ActiveCfg = Release|Any CPU
		{E3E002FD-8EC4-4F7F-A3F2-265CE0F77B48}.Release|Any CPU.Build.0 = Release|Any CPU
	EndGlobalSection
	GlobalSection(SolutionProperties) = preSolution
		HideSolutionNode = FALSE
	EndGlobalSection
	GlobalSection(ExtensibilityGlobals) = postSolution
		SolutionGuid = {E167EE29-695A-4181-A7D3-DECA5C251518}
	EndGlobalSection
EndGlobal
